// !$*UTF8*$!
{
	archiveVersion = 1;
	classes = {
	};
	objectVersion = 46;
	objects = {

/* Begin PBXBuildFile section */
		A3C2631E14CB1A7F000C74C8 /* main.c in Sources */ = {isa = PBXBuildFile; fileRef = A3C2631D14CB1A7F000C74C8 /* main.c */; };
		A3C2632014CB1A7F000C74C8 /* socketClient.1 in CopyFiles */ = {isa = PBXBuildFile; fileRef = A3C2631F14CB1A7F000C74C8 /* socketClient.1 */; };
/* End PBXBuildFile section */

/* Begin PBXCopyFilesBuildPhase section */
		A3C2631714CB1A7F000C74C8 /* CopyFiles */ = {
			isa = PBXCopyFilesBuildPhase;
			buildActionMask = 2147483647;
			dstPath = /usr/share/man/man1/;
			dstSubfolderSpec = 0;
			files = (
				A3C2632014CB1A7F000C74C8 /* socketClient.1 in CopyFiles */,
			);
			runOnlyForDeploymentPostprocessing = 1;
		};
/* End PBXCopyFilesBuildPhase section */

/* Begin PBXFileReference section */
		A3C2631914CB1A7F000C74C8 /* socketClient */ = {isa = PBXFileReference; explicitFileType = "compiled.mach-o.executable"; includeInIndex = 0; path = socketClient; sourceTree = BUILT_PRODUCTS_DIR; };
		A3C2631D14CB1A7F000C74C8 /* main.c */ = {isa = PBXFileReference; lastKnownFileType = sourcecode.c.c; path = main.c; sourceTree = "<group>"; };
		A3C2631F14CB1A7F000C74C8 /* socketClient.1 */ = {isa = PBXFileReference; lastKnownFileType = text.man; path = socketClient.1; sourceTree = "<group>"; };
/* End PBXFileReference section */

/* Begin PBXFrameworksBuildPhase section */
		A3C2631614CB1A7F000C74C8 /* Frameworks */ = {
			isa = PBXFrameworksBuildPhase;
			buildActionMask = 2147483647;
			files = (
			);
			runOnlyForDeploymentPostprocessing = 0;
		};
/* End PBXFrameworksBuildPhase section */

/* Begin PBXGroup section */
		A3C2630E14CB1A7F000C74C8 = {
			isa = PBXGroup;
			children = (
				A3C2631C14CB1A7F000C74C8 /* socketClient */,
				A3C2631A14CB1A7F000C74C8 /* Products */,
			);
			sourceTree = "<group>";
		};
		A3C2631A14CB1A7F000C74C8 /* Products */ = {
			isa = PBXGroup;
			children = (
				A3C2631914CB1A7F000C74C8 /* socketClient */,
			);
			name = Products;
			sourceTree = "<group>";
		};
		A3C2631C14CB1A7F000C74C8 /* socketClient */ = {
			isa = PBXGroup;
			children = (
				A3C2631D14CB1A7F000C74C8 /* main.c */,
				A3C2631F14CB1A7F000C74C8 /* socketClient.1 */,
			);
			path = socketClient;
			sourceTree = "<group>";
		};
/* End PBXGroup section */

/* Begin PBXNativeTarget section */
		A3C2631814CB1A7F000C74C8 /* socketClient */ = {
			isa = PBXNativeTarget;
			buildConfigurationList = A3C2632314CB1A7F000C74C8 /* Build configuration list for PBXNativeTarget "socketClient" */;
			buildPhases = (
				A3C2631514CB1A7F000C74C8 /* Sources */,
				A3C2631614CB1A7F000C74C8 /* Frameworks */,
				A3C2631714CB1A7F000C74C8 /* CopyFiles */,
			);
			buildRules = (
			);
			dependencies = (
			);
			name = socketClient;
			productName = socketClient;
			productReference = A3C2631914CB1A7F000C74C8 /* socketClient */;
			productType = "com.apple.product-type.tool";
		};
/* End PBXNativeTarget section */

/* Begin PBXProject section */
		A3C2631014CB1A7F000C74C8 /* Project object */ = {
			isa = PBXProject;
			attributes = {
				LastUpgradeCheck = 0420;
				ORGANIZATIONNAME = Taobao.com;
			};
			buildConfigurationList = A3C2631314CB1A7F000C74C8 /* Build configuration list for PBXProject "socketClient" */;
			compatibilityVersion = "Xcode 3.2";
			developmentRegion = English;
			hasScannedForEncodings = 0;
			knownRegions = (
				en,
			);
			mainGroup = A3C2630E14CB1A7F000C74C8;
			productRefGroup = A3C2631A14CB1A7F000C74C8 /* Products */;
			projectDirPath = "";
			projectRoot = "";
			targets = (
				A3C2631814CB1A7F000C74C8 /* socketClient */,
			);
		};
/* End PBXProject section */

/* Begin PBXSourcesBuildPhase section */
		A3C2631514CB1A7F000C74C8 /* Sources */ = {
			isa = PBXSourcesBuildPhase;
			buildActionMask = 2147483647;
			files = (
				A3C2631E14CB1A7F000C74C8 /* main.c in Sources */,
			);
			runOnlyForDeploymentPostprocessing = 0;
		};
/* End PBXSourcesBuildPhase section */

/* Begin XCBuildConfiguration section */
		A3C2632114CB1A7F000C74C8 /* Debug */ = {
			isa = XCBuildConfiguration;
			buildSettings = {
				ALWAYS_SEARCH_USER_PATHS = NO;
				ARCHS = "$(ARCHS_STANDARD_64_BIT)";
				COPY_PHASE_STRIP = NO;
				GCC_C_LANGUAGE_STANDARD = gnu99;
				GCC_DYNAMIC_NO_PIC = NO;
				GCC_ENABLE_OBJC_EXCEPTIONS = YES;
				GCC_OPTIMIZATION_LEVEL = 0;
				GCC_PREPROCESSOR_DEFINITIONS = (
					"DEBUG=1",
					"$(inherited)",
				);
				GCC_SYMBOLS_PRIVATE_EXTERN = NO;
				GCC_VERSION = com.apple.compilers.llvm.clang.1_0;
				GCC_WARN_64_TO_32_BIT_CONVERSION = YES;
				GCC_WARN_ABOUT_MISSING_PROTOTYPES = YES;
				GCC_WARN_ABOUT_RETURN_TYPE = YES;
				GCC_WARN_UNUSED_VARIABLE = YES;
				MACOSX_DEPLOYMENT_TARGET = 10.7;
				ONLY_ACTIVE_ARCH = YES;
				SDKROOT = macosx;
			};
			name = Debug;
		};
		A3C2632214CB1A7F000C74C8 /* Release */ = {
			isa = XCBuildConfiguration;
			buildSettings = {
				ALWAYS_SEARCH_USER_PATHS = NO;
				ARCHS = "$(ARCHS_STANDARD_64_BIT)";
				COPY_PHASE_STRIP = YES;
				DEBUG_INFORMATION_FORMAT = "dwarf-with-dsym";
				GCC_C_LANGUAGE_STANDARD = gnu99;
				GCC_ENABLE_OBJC_EXCEPTIONS = YES;
				GCC_VERSION = com.apple.compilers.llvm.clang.1_0;
				GCC_WARN_64_TO_32_BIT_CONVERSION = YES;
				GCC_WARN_ABOUT_MISSING_PROTOTYPES = YES;
				GCC_WARN_ABOUT_RETURN_TYPE = YES;
				GCC_WARN_UNUSED_VARIABLE = YES;
				MACOSX_DEPLOYMENT_TARGET = 10.7;
				SDKROOT = macosx;
			};
			name = Release;
		};
		A3C2632414CB1A7F000C74C8 /* Debug */ = {
			isa = XCBuildConfiguration;
			buildSettings = {
				PRODUCT_NAME = "$(TARGET_NAME)";
			};
			name = Debug;
		};
		A3C2632514CB1A7F000C74C8 /* Release */ = {
			isa = XCBuildConfiguration;
			buildSettings = {
				PRODUCT_NAME = "$(TARGET_NAME)";
			};
			name = Release;
		};
/* End XCBuildConfiguration section */

/* Begin XCConfigurationList section */
		A3C2631314CB1A7F000C74C8 /* Build configuration list for PBXProject "socketClient" */ = {
			isa = XCConfigurationList;
			buildConfigurations = (
				A3C2632114CB1A7F000C74C8 /* Debug */,
				A3C2632214CB1A7F000C74C8 /* Release */,
			);
			defaultConfigurationIsVisible = 0;
			defaultConfigurationName = Release;
		};
		A3C2632314CB1A7F000C74C8 /* Build configuration list for PBXNativeTarget "socketClient" */ = {
			isa = XCConfigurationList;
			buildConfigurations = (
				A3C2632414CB1A7F000C74C8 /* Debug */,
				A3C2632514CB1A7F000C74C8 /* Release */,
			);
			defaultConfigurationIsVisible = 0;
		};
/* End XCConfigurationList section */
	};
	rootObject = A3C2631014CB1A7F000C74C8 /* Project object */;
}
